
Microsoft Visual Studio Solution File, Format Version 12.00
# Visual Studio Version 16
VisualStudioVersion = 16.0.32228.343
MinimumVisualStudioVersion = 10.0.40219.1
Project("{8BC9CEB8-8B4A-11D0-8D11-00A0C91BC942}") = "4장 12번 회문", "4장 12번 회문\4장 12번 회문.vcxproj", "{864D7F74-1856-436F-AFF4-C10A16A9006A}"
EndProject
Global
	GlobalSection(SolutionConfigurationPlatforms) = preSolution
		Debug|x64 = Debug|x64
		Debug|x86 = Debug|x86
		Release|x64 = Release|x64
		Release|x86 = Release|x86
	EndGlobalSection
	GlobalSection(ProjectConfigurationPlatforms) = postSolution
		{864D7F74-1856-436F-AFF4-C10A16A9006A}.Debug|x64.ActiveCfg = Debug|x64
		{864D7F74-1856-436F-AFF4-C10A16A9006A}.Debug|x64.Build.0 = Debug|x64
		{864D7F74-1856-436F-AFF4-C10A16A9006A}.Debug|x86.ActiveCfg = Debug|Win32
		{864D7F74-1856-436F-AFF4-C10A16A9006A}.Debug|x86.Build.0 = Debug|Win32
		{864D7F74-1856-436F-AFF4-C10A16A9006A}.Release|x64.ActiveCfg = Release|x64
		{864D7F74-1856-436F-AFF4-C10A16A9006A}.Release|x64.Build.0 = Release|x64
		{864D7F74-1856-436F-AFF4-C10A16A9006A}.Release|x86.ActiveCfg = Release|Win32
		{864D7F74-1856-436F-AFF4-C10A16A9006A}.Release|x86.Build.0 = Release|Win32
	EndGlobalSection
	GlobalSection(SolutionProperties) = preSolution
		HideSolutionNode = FALSE
	EndGlobalSection
	GlobalSection(ExtensibilityGlobals) = postSolution
		SolutionGuid = {7160FD53-8F7C-4836-8923-E93252CD529E}
	EndGlobalSection
EndGlobal
